{
  "version": 4,
  "terraform_version": "1.15.8",
  "serial": 5,
  "lineage": "6590c3d5-8ab4-a8a7-a7ad-0451ea9e6447",
  "outputs": {
    "instance_id": {
      "value": "ocid1.instance.oc1.me-jeddah-1.anvgkljrvjakbnictb52swgeyo6fztb4r3rs4hb74dldlci6njs54a6o3kla",
      "type": "string"
    },
    "instance_public_ip": {
      "value": "130.110.101.118",
      "type": "string"
    },
    "instance_state": {
      "value": "RUNNING",
      "type": "string"
    }
  },
  "resources": [
    {
      "mode": "data",
      "type": "oci_core_images",
      "name": "alma_linux",
      "provider": "provider[\"registry.terraform.io/oracle/oci\"]",
      "instances": [
        {
          "schema_version": 0,
          "attributes": {
            "compartment_id": "ocid1.compartment.oc1..aaaaaaaarg74rlofviexngklnszxpfz6nxccgfffl6676gv7gztenkkwntxa",
            "display_name": null,
            "filter": null,
            "id": "CoreImagesDataSource-1664453100",
            "images": [
              {
                "agent_features": [],
                "base_image_id": "",
                "billable_size_in_gbs": "5",
                "compartment_id": "",
                "create_image_allowed": true,
                "defined_tags": {},
                "display_name": "Oracle-Linux-10.1-aarch64-2026.07.20-0",
                "freeform_tags": {},
                "id": "ocid1.image.oc1.me-jeddah-1.aaaaaaaawuvodx525nolryfrukr2hwrdoulp56bpql6gei2rmfolguz66yca",
                "image_source_details": [],
                "instance_id": "",
                "launch_mode": "NATIVE",
                "launch_options": [
                  {
                    "boot_volume_type": "PARAVIRTUALIZED",
                    "firmware": "UEFI_64",
                    "is_consistent_volume_naming_enabled": true,
                    "is_pv_encryption_in_transit_enabled": true,
                    "network_type": "PARAVIRTUALIZED",
                    "remote_data_volume_type": "PARAVIRTUALIZED"
                  }
                ],
                "listing_type": "",
                "operating_system": "Oracle Linux",
                "operating_system_version": "10",
                "size_in_mbs": "47719",
                "state": "AVAILABLE",
                "time_created": "2026-07-21 20:20:07.521 +0000 UTC"
              },
              {
                "agent_features": [],
                "base_image_id": "",
                "billable_size_in_gbs": "6",
                "compartment_id": "",
                "create_image_allowed": true,
                "defined_tags": {},
                "display_name": "Oracle-Linux-8.10-aarch64-2026.07.20-0",
                "freeform_tags": {},
                "id": "ocid1.image.oc1.me-jeddah-1.aaaaaaaaxq2vquiaa4oocu5guflnuvxbsej4fqbena4qk3rattrxdmbwvw2q",
                "image_source_details": [],
                "instance_id": "",
                "launch_mode": "NATIVE",
                "launch_options": [
                  {
                    "boot_volume_type": "PARAVIRTUALIZED",
                    "firmware": "UEFI_64",
                    "is_consistent_volume_naming_enabled": true,
                    "is_pv_encryption_in_transit_enabled": true,
                    "network_type": "PARAVIRTUALIZED",
                    "remote_data_volume_type": "PARAVIRTUALIZED"
                  }
                ],
                "listing_type": "",
                "operating_system": "Oracle Linux",
                "operating_system_version": "8",
                "size_in_mbs": "47719",
                "state": "AVAILABLE",
                "time_created": "2026-07-21 20:19:09.307 +0000 UTC"
              },
              {
                "agent_features": [],
                "base_image_id": "",
                "billable_size_in_gbs": "5",
                "compartment_id": "",
                "create_image_allowed": true,
                "defined_tags": {},
                "display_name": "Oracle-Linux-9.8-aarch64-2026.07.20-0",
                "freeform_tags": {},
                "id": "ocid1.image.oc1.me-jeddah-1.aaaaaaaaywf5xkmnty7n7nlnnzadaqgk45hu2f3h6tuhjno5vakz2p5j4z5q",
                "image_source_details": [],
                "instance_id": "",
                "launch_mode": "NATIVE",
                "launch_options": [
                  {
                    "boot_volume_type": "PARAVIRTUALIZED",
                    "firmware": "UEFI_64",
                    "is_consistent_volume_naming_enabled": true,
                    "is_pv_encryption_in_transit_enabled": true,
                    "network_type": "PARAVIRTUALIZED",
                    "remote_data_volume_type": "PARAVIRTUALIZED"
                  }
                ],
                "listing_type": "",
                "operating_system": "Oracle Linux",
                "operating_system_version": "9",
                "size_in_mbs": "47719",
                "state": "AVAILABLE",
                "time_created": "2026-07-21 20:18:55.565 +0000 UTC"
              },
              {
                "agent_features": [],
                "base_image_id": "",
                "billable_size_in_gbs": "5",
                "compartment_id": "",
                "create_image_allowed": true,
                "defined_tags": {},
                "display_name": "Oracle-Linux-10.1-aarch64-2026.06.15-1",
                "freeform_tags": {},
                "id": "ocid1.image.oc1.me-jeddah-1.aaaaaaaagnl7oeng2ydmcvmusyu7p4fvjxwfck3hgh2cyd2qgex3vcdwlmeq",
                "image_source_details": [],
                "instance_id": "",
                "launch_mode": "NATIVE",
                "launch_options": [
                  {
                    "boot_volume_type": "PARAVIRTUALIZED",
                    "firmware": "UEFI_64",
                    "is_consistent_volume_naming_enabled": true,
                    "is_pv_encryption_in_transit_enabled": true,
                    "network_type": "PARAVIRTUALIZED",
                    "remote_data_volume_type": "PARAVIRTUALIZED"
                  }
                ],
                "listing_type": "",
                "operating_system": "Oracle Linux",
                "operating_system_version": "10",
                "size_in_mbs": "47719",
                "state": "AVAILABLE",
                "time_created": "2026-07-06 05:18:17.461 +0000 UTC"
              },
              {
                "agent_features": [],
                "base_image_id": "",
                "billable_size_in_gbs": "6",
                "compartment_id": "",
                "create_image_allowed": true,
                "defined_tags": {},
                "display_name": "Oracle-Linux-9.7-aarch64-2026.06.15-1",
                "freeform_tags": {},
                "id": "ocid1.image.oc1.me-jeddah-1.aaaaaaaa6v44qgzd4k46iu7elhrova5eza76xff2wit2vohm4h5hrqfhg4oq",
                "image_source_details": [],
                "instance_id": "",
                "launch_mode": "NATIVE",
                "launch_options": [
                  {
                    "boot_volume_type": "PARAVIRTUALIZED",
                    "firmware": "UEFI_64",
                    "is_consistent_volume_naming_enabled": true,
                    "is_pv_encryption_in_transit_enabled": true,
                    "network_type": "PARAVIRTUALIZED",
                    "remote_data_volume_type": "PARAVIRTUALIZED"
                  }
                ],
                "listing_type": "",
                "operating_system": "Oracle Linux",
                "operating_system_version": "9",
                "size_in_mbs": "47719",
                "state": "AVAILABLE",
                "time_created": "2026-07-06 05:17:15.264 +0000 UTC"
              },
              {
                "agent_features": [],
                "base_image_id": "",
                "billable_size_in_gbs": "6",
                "compartment_id": "",
                "create_image_allowed": true,
                "defined_tags": {},
                "display_name": "Oracle-Linux-8.10-aarch64-2026.06.15-1",
                "freeform_tags": {},
                "id": "ocid1.image.oc1.me-jeddah-1.aaaaaaaamcqy4o5vnj7ttwxabv3y5khgibekbcaucpflmh6l5w5fba3u477a",
                "image_source_details": [],
                "instance_id": "",
                "launch_mode": "NATIVE",
                "launch_options": [
                  {
                    "boot_volume_type": "PARAVIRTUALIZED",
                    "firmware": "UEFI_64",
                    "is_consistent_volume_naming_enabled": true,
                    "is_pv_encryption_in_transit_enabled": true,
                    "network_type": "PARAVIRTUALIZED",
                    "remote_data_volume_type": "PARAVIRTUALIZED"
                  }
                ],
                "listing_type": "",
                "operating_system": "Oracle Linux",
                "operating_system_version": "8",
                "size_in_mbs": "47719",
                "state": "AVAILABLE",
                "time_created": "2026-07-06 05:16:42.641 +0000 UTC"
              },
              {
                "agent_features": [],
                "base_image_id": "",
                "billable_size_in_gbs": "5",
                "compartment_id": "",
                "create_image_allowed": true,
                "defined_tags": {},
                "display_name": "Oracle-Linux-10.1-aarch64-2026.06.15-0",
                "freeform_tags": {},
                "id": "ocid1.image.oc1.me-jeddah-1.aaaaaaaajwaxlr5vzghctbxm2y6qyncpqtny5rmz2hxl7uzrtwrg7lpw64na",
                "image_source_details": [],
                "instance_id": "",
                "launch_mode": "NATIVE",
                "launch_options": [
                  {
                    "boot_volume_type": "PARAVIRTUALIZED",
                    "firmware": "UEFI_64",
                    "is_consistent_volume_naming_enabled": true,
                    "is_pv_encryption_in_transit_enabled": true,
                    "network_type": "PARAVIRTUALIZED",
                    "remote_data_volume_type": "PARAVIRTUALIZED"
                  }
                ],
                "listing_type": "",
                "operating_system": "Oracle Linux",
                "operating_system_version": "10",
                "size_in_mbs": "47719",
                "state": "AVAILABLE",
                "time_created": "2026-06-18 04:50:12.218 +0000 UTC"
              },
              {
                "agent_features": [],
                "base_image_id": "",
                "billable_size_in_gbs": "6",
                "compartment_id": "",
                "create_image_allowed": true,
                "defined_tags": {},
                "display_name": "Oracle-Linux-9.7-aarch64-2026.06.15-0",
                "freeform_tags": {},
                "id": "ocid1.image.oc1.me-jeddah-1.aaaaaaaatoqqipt2gomklrqcihue5j2mqteyj5vditz3xek5563lhmlzwhcq",
                "image_source_details": [],
                "instance_id": "",
                "launch_mode": "NATIVE",
                "launch_options": [
                  {
                    "boot_volume_type": "PARAVIRTUALIZED",
                    "firmware": "UEFI_64",
                    "is_consistent_volume_naming_enabled": true,
                    "is_pv_encryption_in_transit_enabled": true,
                    "network_type": "PARAVIRTUALIZED",
                    "remote_data_volume_type": "PARAVIRTUALIZED"
                  }
                ],
                "listing_type": "",
                "operating_system": "Oracle Linux",
                "operating_system_version": "9",
                "size_in_mbs": "47719",
                "state": "AVAILABLE",
                "time_created": "2026-06-18 04:49:51.117 +0000 UTC"
              },
              {
                "agent_features": [],
                "base_image_id": "",
                "billable_size_in_gbs": "6",
                "compartment_id": "",
                "create_image_allowed": true,
                "defined_tags": {},
                "display_name": "Oracle-Linux-8.10-aarch64-2026.06.15-0",
                "freeform_tags": {},
                "id": "ocid1.image.oc1.me-jeddah-1.aaaaaaaaucvvixbyit6b6cponiicwyztgtq7h2imrnv2na6eueyvvikxzvia",
                "image_source_details": [],
                "instance_id": "",
                "launch_mode": "NATIVE",
                "launch_options": [
                  {
                    "boot_volume_type": "PARAVIRTUALIZED",
                    "firmware": "UEFI_64",
                    "is_consistent_volume_naming_enabled": true,
                    "is_pv_encryption_in_transit_enabled": true,
                    "network_type": "PARAVIRTUALIZED",
                    "remote_data_volume_type": "PARAVIRTUALIZED"
                  }
                ],
                "listing_type": "",
                "operating_system": "Oracle Linux",
                "operating_system_version": "8",
                "size_in_mbs": "47719",
                "state": "AVAILABLE",
                "time_created": "2026-06-18 04:49:46.369 +0000 UTC"
              },
              {
                "agent_features": [],
                "base_image_id": "",
                "billable_size_in_gbs": "4",
                "compartment_id": "",
                "create_image_allowed": true,
                "defined_tags": {},
                "display_name": "Oracle-Linux-7.9-aarch64-2024.11.30-0",
                "freeform_tags": {},
                "id": "ocid1.image.oc1.me-jeddah-1.aaaaaaaadixzr5civrvcl526siax22uwoxidvpsizggmstehobmrxnmjnceq",
                "image_source_details": [],
                "instance_id": "",
                "launch_mode": "NATIVE",
                "launch_options": [
                  {
                    "boot_volume_type": "PARAVIRTUALIZED",
                    "firmware": "UEFI_64",
                    "is_consistent_volume_naming_enabled": true,
                    "is_pv_encryption_in_transit_enabled": true,
                    "network_type": "PARAVIRTUALIZED",
                    "remote_data_volume_type": "PARAVIRTUALIZED"
                  }
                ],
                "listing_type": "",
                "operating_system": "Oracle Linux",
                "operating_system_version": "7.9",
                "size_in_mbs": "47694",
                "state": "AVAILABLE",
                "time_created": "2025-01-15 05:33:53.35 +0000 UTC"
              },
              {
                "agent_features": [],
                "base_image_id": "",
                "billable_size_in_gbs": "4",
                "compartment_id": "",
                "create_image_allowed": true,
                "defined_tags": {},
                "display_name": "Oracle-Linux-7.9-aarch64-2024.10.31-0",
                "freeform_tags": {},
                "id": "ocid1.image.oc1.me-jeddah-1.aaaaaaaakaellm6u6vw2q7jtlt4eowvesfpoydjfsc3wkznoshncosaw44gq",
                "image_source_details": [],
                "instance_id": "",
                "launch_mode": "NATIVE",
                "launch_options": [
                  {
                    "boot_volume_type": "PARAVIRTUALIZED",
                    "firmware": "UEFI_64",
                    "is_consistent_volume_naming_enabled": true,
                    "is_pv_encryption_in_transit_enabled": true,
                    "network_type": "PARAVIRTUALIZED",
                    "remote_data_volume_type": "PARAVIRTUALIZED"
                  }
                ],
                "listing_type": "",
                "operating_system": "Oracle Linux",
                "operating_system_version": "7.9",
                "size_in_mbs": "47694",
                "state": "AVAILABLE",
                "time_created": "2024-12-11 05:08:38.445 +0000 UTC"
              },
              {
                "agent_features": [],
                "base_image_id": "",
                "billable_size_in_gbs": "4",
                "compartment_id": "",
                "create_image_allowed": true,
                "defined_tags": {},
                "display_name": "Oracle-Linux-7.9-aarch64-2024.09.30-0",
                "freeform_tags": {},
                "id": "ocid1.image.oc1.me-jeddah-1.aaaaaaaadadirwaecfthigdhalsqg3asmsxsfywze4rrt6wwdsecve3rtmeq",
                "image_source_details": [],
                "instance_id": "",
                "launch_mode": "NATIVE",
                "launch_options": [
                  {
                    "boot_volume_type": "PARAVIRTUALIZED",
                    "firmware": "UEFI_64",
                    "is_consistent_volume_naming_enabled": true,
                    "is_pv_encryption_in_transit_enabled": true,
                    "network_type": "PARAVIRTUALIZED",
                    "remote_data_volume_type": "PARAVIRTUALIZED"
                  }
                ],
                "listing_type": "",
                "operating_system": "Oracle Linux",
                "operating_system_version": "7.9",
                "size_in_mbs": "47694",
                "state": "AVAILABLE",
                "time_created": "2024-10-12 04:33:49.688 +0000 UTC"
              }
            ],
            "operating_system": "Oracle Linux",
            "operating_system_version": null,
            "shape": "VM.Standard.A1.Flex",
            "sort_by": "TIMECREATED",
            "sort_order": "DESC",
            "state": null
          },
          "sensitive_attributes": [],
          "identity_schema_version": 0
        }
      ]
    },
    {
      "mode": "data",
      "type": "oci_identity_availability_domains",
      "name": "ads",
      "provider": "provider[\"registry.terraform.io/oracle/oci\"]",
      "instances": [
        {
          "schema_version": 0,
          "attributes": {
            "availability_domains": [
              {
                "compartment_id": "ocid1.compartment.oc1..aaaaaaaarg74rlofviexngklnszxpfz6nxccgfffl6676gv7gztenkkwntxa",
                "id": "ocid1.availabilitydomain.oc1..aaaaaaaa3lb2y6omrgvooqvuxvn5k3zco5pbaqnq7ei3b2qpkg4x2bq7kbcq",
                "name": "oXVt:ME-JEDDAH-1-AD-1"
              }
            ],
            "compartment_id": "ocid1.compartment.oc1..aaaaaaaarg74rlofviexngklnszxpfz6nxccgfffl6676gv7gztenkkwntxa",
            "filter": null,
            "id": "IdentityAvailabilityDomainsDataSource-1571402711"
          },
          "sensitive_attributes": [],
          "identity_schema_version": 0
        }
      ]
    },
    {
      "mode": "managed",
      "type": "oci_core_instance",
      "name": "this",
      "provider": "provider[\"registry.terraform.io/oracle/oci\"]",
      "instances": [
        {
          "schema_version": 0,
          "attributes": {
            "agent_config": [
              {
                "are_all_plugins_disabled": false,
                "is_management_disabled": false,
                "is_monitoring_disabled": false,
                "plugins_config": []
              }
            ],
            "async": null,
            "availability_config": [
              {
                "is_live_migration_preferred": false,
                "recovery_action": "RESTORE_INSTANCE"
              }
            ],
            "availability_domain": "oXVt:ME-JEDDAH-1-AD-1",
            "boot_volume_id": "ocid1.bootvolume.oc1.me-jeddah-1.abvgkljrxmzr4zys4hinjuo5dz6vonabzp4cfxskslb6pkjwt3vombkkypbq",
            "capacity_reservation_id": null,
            "cluster_placement_group_id": null,
            "compartment_id": "ocid1.compartment.oc1..aaaaaaaarg74rlofviexngklnszxpfz6nxccgfffl6676gv7gztenkkwntxa",
            "compute_cluster_id": null,
            "create_vnic_details": [
              {
                "assign_ipv6ip": false,
                "assign_private_dns_record": false,
                "assign_public_ip": "true",
                "defined_tags": {
                  "Oracle-Tags.CreatedBy": "ejada-interim-program/ayham.sameh58@gmail.com",
                  "Oracle-Tags.CreatedOn": "2026-08-06T14:39:49.210Z"
                },
                "display_name": "my first instance",
                "freeform_tags": {},
                "hostname_label": "my-first-instance",
                "ipv6address_ipv6subnet_cidr_pair_details": [],
                "nsg_ids": [],
                "private_ip": "10.0.1.76",
                "private_ip_id": "",
                "security_attributes": {},
                "skip_source_dest_check": false,
                "subnet_cidr": "",
                "subnet_id": "ocid1.subnet.oc1.me-jeddah-1.aaaaaaaayqqjrrq6xbheerxrzgleh7qnj7g77sayjvuezxj75cb6fp4wkk6q",
                "vlan_id": ""
              }
            ],
            "dedicated_vm_host_id": null,
            "defined_tags": {
              "Oracle-Tags.CreatedBy": "ejada-interim-program/ayham.sameh58@gmail.com",
              "Oracle-Tags.CreatedOn": "2026-08-06T14:39:49.130Z"
            },
            "display_name": "my first instance",
            "extended_metadata": {},
            "fault_domain": "FAULT-DOMAIN-2",
            "freeform_tags": {},
            "hostname_label": "my-first-instance",
            "id": "ocid1.instance.oc1.me-jeddah-1.anvgkljrvjakbnictb52swgeyo6fztb4r3rs4hb74dldlci6njs54a6o3kla",
            "image": "ocid1.image.oc1.me-jeddah-1.aaaaaaaaunhppwtir3hhisray4juknltvoivumdodlrbmnyxzp6jq5byqlfq",
            "instance_configuration_id": null,
            "instance_options": [
              {
                "are_legacy_imds_endpoints_disabled": false
              }
            ],
            "ipxe_script": null,
            "is_ai_enterprise_enabled": null,
            "is_cross_numa_node": false,
            "is_pv_encryption_in_transit_enabled": null,
            "launch_mode": "PARAVIRTUALIZED",
            "launch_options": [
              {
                "boot_volume_type": "PARAVIRTUALIZED",
                "firmware": "UEFI_64",
                "is_consistent_volume_naming_enabled": true,
                "is_pv_encryption_in_transit_enabled": false,
                "network_type": "PARAVIRTUALIZED",
                "remote_data_volume_type": "PARAVIRTUALIZED"
              }
            ],
            "launch_volume_attachments": null,
            "licensing_configs": [],
            "metadata": {},
            "placement_constraint_details": [],
            "platform_config": [],
            "preemptible_instance_config": [],
            "preserve_boot_volume": null,
            "preserve_data_volumes_created_at_launch": null,
            "private_ip": "10.0.1.76",
            "public_ip": "130.110.101.118",
            "region": "me-jeddah-1",
            "security_attributes": {},
            "security_attributes_state": "STABLE",
            "shape": "VM.Standard.A1.Flex",
            "shape_config": [
              {
                "baseline_ocpu_utilization": "",
                "gpu_description": "",
                "gpus": 0,
                "local_disk_description": "",
                "local_disks": 0,
                "local_disks_total_size_in_gbs": 0,
                "local_volume_size_in_gbs": 0,
                "max_vnic_attachments": 2,
                "memory_in_gbs": 6,
                "networking_bandwidth_in_gbps": 1,
                "nvmes": 0,
                "ocpus": 1,
                "processor_description": "3.0 GHz Ampere® Altra™",
                "resource_management": "",
                "vcpus": 1
              }
            ],
            "source_details": [
              {
                "boot_volume_size_in_gbs": "47",
                "boot_volume_vpus_per_gb": "10",
                "instance_source_image_filter_details": [],
                "is_preserve_boot_volume_enabled": false,
                "kms_key_id": "",
                "source_id": "ocid1.image.oc1.me-jeddah-1.aaaaaaaaunhppwtir3hhisray4juknltvoivumdodlrbmnyxzp6jq5byqlfq",
                "source_type": "image"
              }
            ],
            "state": "RUNNING",
            "subnet_id": "ocid1.subnet.oc1.me-jeddah-1.aaaaaaaayqqjrrq6xbheerxrzgleh7qnj7g77sayjvuezxj75cb6fp4wkk6q",
            "system_tags": {},
            "time_created": "2026-08-06 14:39:49.472 +0000 UTC",
            "time_maintenance_reboot_due": "",
            "timeouts": null,
            "update_operation_constraint": null
          },
          "sensitive_attributes": [],
          "identity_schema_version": 0,
          "private": "eyJlMmJmYjczMC1lY2FhLTExZTYtOGY4OC0zNDM2M2JjN2M0YzAiOnsiY3JlYXRlIjoyNzAwMDAwMDAwMDAwLCJkZWxldGUiOjQ1MDAwMDAwMDAwMDAsInVwZGF0ZSI6MjcwMDAwMDAwMDAwMH19",
          "dependencies": [
            "data.oci_core_images.alma_linux",
            "data.oci_identity_availability_domains.ads",
            "oci_core_subnet.this",
            "oci_core_vcn.this"
          ]
        }
      ]
    },
    {
      "mode": "managed",
      "type": "oci_core_subnet",
      "name": "this",
      "provider": "provider[\"registry.terraform.io/oracle/oci\"]",
      "instances": [
        {
          "schema_version": 0,
          "attributes": {
            "availability_domain": null,
            "cidr_block": "10.0.1.0/24",
            "compartment_id": "ocid1.compartment.oc1..aaaaaaaarg74rlofviexngklnszxpfz6nxccgfffl6676gv7gztenkkwntxa",
            "defined_tags": {
              "Oracle-Tags.CreatedBy": "ejada-interim-program/ayham.sameh58@gmail.com",
              "Oracle-Tags.CreatedOn": "2026-08-06T14:39:44.400Z"
            },
            "dhcp_options_id": "ocid1.dhcpoptions.oc1.me-jeddah-1.aaaaaaaaxvktb6qwmtdaonk23j7fjzhvxefao5hmsiugxrihlzlb6xizgx7q",
            "display_name": "free-tier-subnet",
            "dns_label": "freetiersub",
            "freeform_tags": {},
            "id": "ocid1.subnet.oc1.me-jeddah-1.aaaaaaaayqqjrrq6xbheerxrzgleh7qnj7g77sayjvuezxj75cb6fp4wkk6q",
            "ipv4cidr_blocks": [
              "10.0.1.0/24"
            ],
            "ipv6cidr_block": null,
            "ipv6cidr_blocks": [],
            "ipv6virtual_router_ip": null,
            "prohibit_internet_ingress": false,
            "prohibit_public_ip_on_vnic": false,
            "route_table_id": "ocid1.routetable.oc1.me-jeddah-1.aaaaaaaatxphxsro3tmu3sydjpi76m5dczomdqn2jksn7ln4gzmzy42zba7q",
            "security_list_ids": [
              "ocid1.securitylist.oc1.me-jeddah-1.aaaaaaaakmgeea5mrqm32sl2yyx2araqbg4p5wvdgakleg4tqgw2cuww3kua"
            ],
            "state": "AVAILABLE",
            "subnet_domain_name": "freetiersub.freetiervcn.oraclevcn.com",
            "time_created": "2026-08-06 14:39:44.445 +0000 UTC",
            "timeouts": null,
            "vcn_id": "ocid1.vcn.oc1.me-jeddah-1.amaaaaaavjakbniavkhy7al6cdxeixktasjgxrt276tyq65h7mdmxzo2oogq",
            "virtual_router_ip": "10.0.1.1",
            "virtual_router_mac": "00:00:17:4F:7B:59"
          },
          "sensitive_attributes": [],
          "identity_schema_version": 0,
          "private": "eyJlMmJmYjczMC1lY2FhLTExZTYtOGY4OC0zNDM2M2JjN2M0YzAiOnsiY3JlYXRlIjoxMjAwMDAwMDAwMDAwLCJkZWxldGUiOjEyMDAwMDAwMDAwMDAsInVwZGF0ZSI6MTIwMDAwMDAwMDAwMH19",
          "dependencies": [
            "oci_core_vcn.this"
          ]
        }
      ]
    },
    {
      "mode": "managed",
      "type": "oci_core_vcn",
      "name": "this",
      "provider": "provider[\"registry.terraform.io/oracle/oci\"]",
      "instances": [
        {
          "schema_version": 0,
          "attributes": {
            "byoipv6cidr_blocks": [],
            "byoipv6cidr_details": [],
            "cidr_block": "10.0.0.0/16",
            "cidr_blocks": [
              "10.0.0.0/16"
            ],
            "compartment_id": "ocid1.compartment.oc1..aaaaaaaarg74rlofviexngklnszxpfz6nxccgfffl6676gv7gztenkkwntxa",
            "default_dhcp_options_id": "ocid1.dhcpoptions.oc1.me-jeddah-1.aaaaaaaaxvktb6qwmtdaonk23j7fjzhvxefao5hmsiugxrihlzlb6xizgx7q",
            "default_route_table_id": "ocid1.routetable.oc1.me-jeddah-1.aaaaaaaatxphxsro3tmu3sydjpi76m5dczomdqn2jksn7ln4gzmzy42zba7q",
            "default_security_list_id": "ocid1.securitylist.oc1.me-jeddah-1.aaaaaaaakmgeea5mrqm32sl2yyx2araqbg4p5wvdgakleg4tqgw2cuww3kua",
            "defined_tags": {
              "Oracle-Tags.CreatedBy": "ejada-interim-program/ayham.sameh58@gmail.com",
              "Oracle-Tags.CreatedOn": "2026-08-06T14:39:43.734Z"
            },
            "display_name": "free-tier-vcn",
            "dns_label": "freetiervcn",
            "freeform_tags": {},
            "id": "ocid1.vcn.oc1.me-jeddah-1.amaaaaaavjakbniavkhy7al6cdxeixktasjgxrt276tyq65h7mdmxzo2oogq",
            "ipv6cidr_blocks": [],
            "ipv6private_cidr_blocks": [],
            "is_ipv6enabled": false,
            "is_oracle_gua_allocation_enabled": null,
            "security_attributes": {},
            "state": "AVAILABLE",
            "time_created": "2026-08-06 14:39:43.784 +0000 UTC",
            "timeouts": null,
            "vcn_domain_name": "freetiervcn.oraclevcn.com"
          },
          "sensitive_attributes": [],
          "identity_schema_version": 0,
          "private": "eyJlMmJmYjczMC1lY2FhLTExZTYtOGY4OC0zNDM2M2JjN2M0YzAiOnsiY3JlYXRlIjoxMjAwMDAwMDAwMDAwLCJkZWxldGUiOjEyMDAwMDAwMDAwMDAsInVwZGF0ZSI6MTIwMDAwMDAwMDAwMH19"
        }
      ]
    }
  ],
  "check_results": null
}
